
Microsoft Visual Studio Solution File, Format Version 12.00
# Visual Studio 2012
Project("{8BC9CEB8-8B4A-11D0-8D11-00A0C91BC942}") = "CS 161 Lab 4 Alpha", "CS 161 Lab 4 Alpha.vcxproj", "{F8DF4ECA-3E96-4812-8239-A809CF94C094}"
EndProject
Global
	GlobalSection(SolutionConfigurationPlatforms) = preSolution
		Debug|Win32 = Debug|Win32
		Release|Win32 = Release|Win32
	EndGlobalSection
	GlobalSection(ProjectConfigurationPlatforms) = postSolution
		{F8DF4ECA-3E96-4812-8239-A809CF94C094}.Debug|Win32.ActiveCfg = Debug|Win32
		{F8DF4ECA-3E96-4812-8239-A809CF94C094}.Debug|Win32.Build.0 = Debug|Win32
		{F8DF4ECA-3E96-4812-8239-A809CF94C094}.Release|Win32.ActiveCfg = Release|Win32
		{F8DF4ECA-3E96-4812-8239-A809CF94C094}.Release|Win32.Build.0 = Release|Win32
	EndGlobalSection
	GlobalSection(SolutionProperties) = preSolution
		HideSolutionNode = FALSE
	EndGlobalSection
EndGlobal
